// !$*UTF8*$!
{
	archiveVersion = 1;
	classes = {
	};
	objectVersion = 51;
	objects = {

/* Begin PBXBuildFile section */
		BA5D123222B64C5B00AE6F37 /* MasterResponse.swift in Sources */ = {isa = PBXBuildFile; fileRef = BA5D123122B64C5B00AE6F37 /* MasterResponse.swift */; };
		BACA811022B26E0E00303F10 /* PopularTableViewCell.swift in Sources */ = {isa = PBXBuildFile; fileRef = BACA810E22B26E0E00303F10 /* PopularTableViewCell.swift */; };
		BACA811122B26E0E00303F10 /* PopularTableViewCell.xib in Resources */ = {isa = PBXBuildFile; fileRef = BACA810F22B26E0E00303F10 /* PopularTableViewCell.xib */; };
		BAF8337622B22DF800BCE887 /* WebAPI.swift in Sources */ = {isa = PBXBuildFile; fileRef = BAF8337522B22DF800BCE887 /* WebAPI.swift */; };
		BAFD836722B116740080DBA0 /* Assets.xcassets in Resources */ = {isa = PBXBuildFile; fileRef = BAFD836622B116740080DBA0 /* Assets.xcassets */; };
		BAFD839F22B19F1F0080DBA0 /* HomeViewController.swift in Sources */ = {isa = PBXBuildFile; fileRef = BAFD839D22B19F1F0080DBA0 /* HomeViewController.swift */; };
		BAFD83A022B19F1F0080DBA0 /* HomeViewController.xib in Resources */ = {isa = PBXBuildFile; fileRef = BAFD839E22B19F1F0080DBA0 /* HomeViewController.xib */; };
		BAFD83A222B19F7E0080DBA0 /* Launch Screen.storyboard in Resources */ = {isa = PBXBuildFile; fileRef = BAFD83A122B19F7E0080DBA0 /* Launch Screen.storyboard */; };
		BAFD83A822B1A36A0080DBA0 /* AppDelegate.swift in Sources */ = {isa = PBXBuildFile; fileRef = BAFD83A722B1A36A0080DBA0 /* AppDelegate.swift */; };
		DCC7331B4D14A70E720353DD /* Pods_FlickerApp.framework in Frameworks */ = {isa = PBXBuildFile; fileRef = C1F08B875BE52F9604BC6C2B /* Pods_FlickerApp.framework */; };
/* End PBXBuildFile section */

/* Begin PBXFileReference section */
		14653E3969994F796BF19B8D /* Pods-FlickerApp.debug.xcconfig */ = {isa = PBXFileReference; includeInIndex = 1; lastKnownFileType = text.xcconfig; name = "Pods-FlickerApp.debug.xcconfig"; path = "Target Support Files/Pods-FlickerApp/Pods-FlickerApp.debug.xcconfig"; sourceTree = "<group>"; };
		B4A8215A95025754FAAA6115 /* Pods-FlickerApp.release.xcconfig */ = {isa = PBXFileReference; includeInIndex = 1; lastKnownFileType = text.xcconfig; name = "Pods-FlickerApp.release.xcconfig"; path = "Target Support Files/Pods-FlickerApp/Pods-FlickerApp.release.xcconfig"; sourceTree = "<group>"; };
		BA5D123122B64C5B00AE6F37 /* MasterResponse.swift */ = {isa = PBXFileReference; fileEncoding = 4; lastKnownFileType = sourcecode.swift; path = MasterResponse.swift; sourceTree = "<group>"; };
		BACA810E22B26E0E00303F10 /* PopularTableViewCell.swift */ = {isa = PBXFileReference; lastKnownFileType = sourcecode.swift; path = PopularTableViewCell.swift; sourceTree = "<group>"; };
		BACA810F22B26E0E00303F10 /* PopularTableViewCell.xib */ = {isa = PBXFileReference; lastKnownFileType = file.xib; path = PopularTableViewCell.xib; sourceTree = "<group>"; };
		BAF8337522B22DF800BCE887 /* WebAPI.swift */ = {isa = PBXFileReference; lastKnownFileType = sourcecode.swift; path = WebAPI.swift; sourceTree = "<group>"; };
		BAFD835C22B116730080DBA0 /* FlickerApp.app */ = {isa = PBXFileReference; explicitFileType = wrapper.application; includeInIndex = 0; path = FlickerApp.app; sourceTree = BUILT_PRODUCTS_DIR; };
		BAFD836622B116740080DBA0 /* Assets.xcassets */ = {isa = PBXFileReference; lastKnownFileType = folder.assetcatalog; path = Assets.xcassets; sourceTree = "<group>"; };
		BAFD836B22B116740080DBA0 /* Info.plist */ = {isa = PBXFileReference; lastKnownFileType = text.plist.xml; path = Info.plist; sourceTree = "<group>"; };
		BAFD839D22B19F1F0080DBA0 /* HomeViewController.swift */ = {isa = PBXFileReference; lastKnownFileType = sourcecode.swift; path = HomeViewController.swift; sourceTree = "<group>"; };
		BAFD839E22B19F1F0080DBA0 /* HomeViewController.xib */ = {isa = PBXFileReference; lastKnownFileType = file.xib; path = HomeViewController.xib; sourceTree = "<group>"; };
		BAFD83A122B19F7E0080DBA0 /* Launch Screen.storyboard */ = {isa = PBXFileReference; lastKnownFileType = file.storyboard; path = "Launch Screen.storyboard"; sourceTree = "<group>"; };
		BAFD83A722B1A36A0080DBA0 /* AppDelegate.swift */ = {isa = PBXFileReference; fileEncoding = 4; lastKnownFileType = sourcecode.swift; name = AppDelegate.swift; path = ../../Omer/Omer/AppDelegate.swift; sourceTree = "<group>"; };
		C1F08B875BE52F9604BC6C2B /* Pods_FlickerApp.framework */ = {isa = PBXFileReference; explicitFileType = wrapper.framework; includeInIndex = 0; path = Pods_FlickerApp.framework; sourceTree = BUILT_PRODUCTS_DIR; };
/* End PBXFileReference section */

/* Begin PBXFrameworksBuildPhase section */
		BAFD835922B116730080DBA0 /* Frameworks */ = {
			isa = PBXFrameworksBuildPhase;
			buildActionMask = 2147483647;
			files = (
				DCC7331B4D14A70E720353DD /* Pods_FlickerApp.framework in Frameworks */,
			);
			runOnlyForDeploymentPostprocessing = 0;
		};
/* End PBXFrameworksBuildPhase section */

/* Begin PBXGroup section */
		7F1379D5C758D506950DDE35 /* Pods */ = {
			isa = PBXGroup;
			children = (
				14653E3969994F796BF19B8D /* Pods-FlickerApp.debug.xcconfig */,
				B4A8215A95025754FAAA6115 /* Pods-FlickerApp.release.xcconfig */,
			);
			path = Pods;
			sourceTree = "<group>";
		};
		BACA810D22B26DD800303F10 /* PopularTableViewCell */ = {
			isa = PBXGroup;
			children = (
				BACA810E22B26E0E00303F10 /* PopularTableViewCell.swift */,
				BACA810F22B26E0E00303F10 /* PopularTableViewCell.xib */,
			);
			path = PopularTableViewCell;
			sourceTree = "<group>";
		};
		BAF8337422B22DDC00BCE887 /* Constants */ = {
			isa = PBXGroup;
			children = (
				BAF8337522B22DF800BCE887 /* WebAPI.swift */,
			);
			path = Constants;
			sourceTree = "<group>";
		};
		BAFD835322B116730080DBA0 = {
			isa = PBXGroup;
			children = (
				BAFD835E22B116730080DBA0 /* FlickerApp */,
				BAFD835D22B116730080DBA0 /* Products */,
				7F1379D5C758D506950DDE35 /* Pods */,
				EF31BA41021F5A60983B2530 /* Frameworks */,
			);
			sourceTree = "<group>";
		};
		BAFD835D22B116730080DBA0 /* Products */ = {
			isa = PBXGroup;
			children = (
				BAFD835C22B116730080DBA0 /* FlickerApp.app */,
			);
			name = Products;
			sourceTree = "<group>";
		};
		BAFD835E22B116730080DBA0 /* FlickerApp */ = {
			isa = PBXGroup;
			children = (
				BAFD83A722B1A36A0080DBA0 /* AppDelegate.swift */,
				BAFD836622B116740080DBA0 /* Assets.xcassets */,
				BAFD83A122B19F7E0080DBA0 /* Launch Screen.storyboard */,
				BAFD836B22B116740080DBA0 /* Info.plist */,
				BAF8337422B22DDC00BCE887 /* Constants */,
				BAFD838F22B13E4C0080DBA0 /* Scenes */,
			);
			path = FlickerApp;
			sourceTree = "<group>";
		};
		BAFD838F22B13E4C0080DBA0 /* Scenes */ = {
			isa = PBXGroup;
			children = (
				BAFD839922B19E7B0080DBA0 /* Home */,
			);
			path = Scenes;
			sourceTree = "<group>";
		};
		BAFD839922B19E7B0080DBA0 /* Home */ = {
			isa = PBXGroup;
			children = (
				BACA810D22B26DD800303F10 /* PopularTableViewCell */,
				BAFD839D22B19F1F0080DBA0 /* HomeViewController.swift */,
				BA5D123122B64C5B00AE6F37 /* MasterResponse.swift */,
				BAFD839E22B19F1F0080DBA0 /* HomeViewController.xib */,
			);
			path = Home;
			sourceTree = "<group>";
		};
		EF31BA41021F5A60983B2530 /* Frameworks */ = {
			isa = PBXGroup;
			children = (
				C1F08B875BE52F9604BC6C2B /* Pods_FlickerApp.framework */,
			);
			name = Frameworks;
			sourceTree = "<group>";
		};
/* End PBXGroup section */

/* Begin PBXNativeTarget section */
		BAFD835B22B116730080DBA0 /* FlickerApp */ = {
			isa = PBXNativeTarget;
			buildConfigurationList = BAFD836E22B116740080DBA0 /* Build configuration list for PBXNativeTarget "FlickerApp" */;
			buildPhases = (
				FAD6A04E2ACECABF4458CC20 /* [CP] Check Pods Manifest.lock */,
				BAFD835822B116730080DBA0 /* Sources */,
				BAFD835922B116730080DBA0 /* Frameworks */,
				BAFD835A22B116730080DBA0 /* Resources */,
				9006E93BD1C989637B902DB2 /* [CP] Embed Pods Frameworks */,
			);
			buildRules = (
			);
			dependencies = (
			);
			name = FlickerApp;
			productName = FlickerApp;
			productReference = BAFD835C22B116730080DBA0 /* FlickerApp.app */;
			productType = "com.apple.product-type.application";
		};
/* End PBXNativeTarget section */

/* Begin PBXProject section */
		BAFD835422B116730080DBA0 /* Project object */ = {
			isa = PBXProject;
			attributes = {
				LastSwiftUpdateCheck = 1020;
				LastUpgradeCheck = 1020;
				ORGANIZATIONNAME = "Ömer Şahin";
				TargetAttributes = {
					BAFD835B22B116730080DBA0 = {
						CreatedOnToolsVersion = 10.2.1;
					};
				};
			};
			buildConfigurationList = BAFD835722B116730080DBA0 /* Build configuration list for PBXProject "FlickerApp" */;
			compatibilityVersion = "Xcode 9.3";
			developmentRegion = en;
			hasScannedForEncodings = 0;
			knownRegions = (
				en,
				Base,
			);
			mainGroup = BAFD835322B116730080DBA0;
			productRefGroup = BAFD835D22B116730080DBA0 /* Products */;
			projectDirPath = "";
			projectRoot = "";
			targets = (
				BAFD835B22B116730080DBA0 /* FlickerApp */,
			);
		};
/* End PBXProject section */

/* Begin PBXResourcesBuildPhase section */
		BAFD835A22B116730080DBA0 /* Resources */ = {
			isa = PBXResourcesBuildPhase;
			buildActionMask = 2147483647;
			files = (
				BAFD83A222B19F7E0080DBA0 /* Launch Screen.storyboard in Resources */,
				BAFD836722B116740080DBA0 /* Assets.xcassets in Resources */,
				BAFD83A022B19F1F0080DBA0 /* HomeViewController.xib in Resources */,
				BACA811122B26E0E00303F10 /* PopularTableViewCell.xib in Resources */,
			);
			runOnlyForDeploymentPostprocessing = 0;
		};
/* End PBXResourcesBuildPhase section */

/* Begin PBXShellScriptBuildPhase section */
		9006E93BD1C989637B902DB2 /* [CP] Embed Pods Frameworks */ = {
			isa = PBXShellScriptBuildPhase;
			buildActionMask = 2147483647;
			files = (
			);
			inputFileListPaths = (
				"${PODS_ROOT}/Target Support Files/Pods-FlickerApp/Pods-FlickerApp-frameworks-${CONFIGURATION}-input-files.xcfilelist",
			);
			name = "[CP] Embed Pods Frameworks";
			outputFileListPaths = (
				"${PODS_ROOT}/Target Support Files/Pods-FlickerApp/Pods-FlickerApp-frameworks-${CONFIGURATION}-output-files.xcfilelist",
			);
			runOnlyForDeploymentPostprocessing = 0;
			shellPath = /bin/sh;
			shellScript = "\"${PODS_ROOT}/Target Support Files/Pods-FlickerApp/Pods-FlickerApp-frameworks.sh\"\n";
			showEnvVarsInLog = 0;
		};
		FAD6A04E2ACECABF4458CC20 /* [CP] Check Pods Manifest.lock */ = {
			isa = PBXShellScriptBuildPhase;
			buildActionMask = 2147483647;
			files = (
			);
			inputFileListPaths = (
			);
			inputPaths = (
				"${PODS_PODFILE_DIR_PATH}/Podfile.lock",
				"${PODS_ROOT}/Manifest.lock",
			);
			name = "[CP] Check Pods Manifest.lock";
			outputFileListPaths = (
			);
			outputPaths = (
				"$(DERIVED_FILE_DIR)/Pods-FlickerApp-checkManifestLockResult.txt",
			);
			runOnlyForDeploymentPostprocessing = 0;
			shellPath = /bin/sh;
			shellScript = "diff \"${PODS_PODFILE_DIR_PATH}/Podfile.lock\" \"${PODS_ROOT}/Manifest.lock\" > /dev/null\nif [ $? != 0 ] ; then\n    # print error to STDERR\n    echo \"error: The sandbox is not in sync with the Podfile.lock. Run 'pod install' or update your CocoaPods installation.\" >&2\n    exit 1\nfi\n# This output is used by Xcode 'outputs' to avoid re-running this script phase.\necho \"SUCCESS\" > \"${SCRIPT_OUTPUT_FILE_0}\"\n";
			showEnvVarsInLog = 0;
		};
/* End PBXShellScriptBuildPhase section */

/* Begin PBXSourcesBuildPhase section */
		BAFD835822B116730080DBA0 /* Sources */ = {
			isa = PBXSourcesBuildPhase;
			buildActionMask = 2147483647;
			files = (
				BAFD83A822B1A36A0080DBA0 /* AppDelegate.swift in Sources */,
				BAF8337622B22DF800BCE887 /* WebAPI.swift in Sources */,
				BAFD839F22B19F1F0080DBA0 /* HomeViewController.swift in Sources */,
				BA5D123222B64C5B00AE6F37 /* MasterResponse.swift in Sources */,
				BACA811022B26E0E00303F10 /* PopularTableViewCell.swift in Sources */,
			);
			runOnlyForDeploymentPostprocessing = 0;
		};
/* End PBXSourcesBuildPhase section */

/* Begin XCBuildConfiguration section */
		BAFD836C22B116740080DBA0 /* Debug */ = {
			isa = XCBuildConfiguration;
			buildSettings = {
				ALWAYS_SEARCH_USER_PATHS = NO;
				CLANG_ANALYZER_NONNULL = YES;
				CLANG_ANALYZER_NUMBER_OBJECT_CONVERSION = YES_AGGRESSIVE;
				CLANG_CXX_LANGUAGE_STANDARD = "gnu++14";
				CLANG_CXX_LIBRARY = "libc++";
				CLANG_ENABLE_MODULES = YES;
				CLANG_ENABLE_OBJC_ARC = YES;
				CLANG_ENABLE_OBJC_WEAK = YES;
				CLANG_WARN_BLOCK_CAPTURE_AUTORELEASING = YES;
				CLANG_WARN_BOOL_CONVERSION = YES;
				CLANG_WARN_COMMA = YES;
				CLANG_WARN_CONSTANT_CONVERSION = YES;
				CLANG_WARN_DEPRECATED_OBJC_IMPLEMENTATIONS = YES;
				CLANG_WARN_DIRECT_OBJC_ISA_USAGE = YES_ERROR;
				CLANG_WARN_DOCUMENTATION_COMMENTS = YES;
				CLANG_WARN_EMPTY_BODY = YES;
				CLANG_WARN_ENUM_CONVERSION = YES;
				CLANG_WARN_INFINITE_RECURSION = YES;
				CLANG_WARN_INT_CONVERSION = YES;
				CLANG_WARN_NON_LITERAL_NULL_CONVERSION = YES;
				CLANG_WARN_OBJC_IMPLICIT_RETAIN_SELF = YES;
				CLANG_WARN_OBJC_LITERAL_CONVERSION = YES;
				CLANG_WARN_OBJC_ROOT_CLASS = YES_ERROR;
				CLANG_WARN_RANGE_LOOP_ANALYSIS = YES;
				CLANG_WARN_STRICT_PROTOTYPES = YES;
				CLANG_WARN_SUSPICIOUS_MOVE = YES;
				CLANG_WARN_UNGUARDED_AVAILABILITY = YES_AGGRESSIVE;
				CLANG_WARN_UNREACHABLE_CODE = YES;
				CLANG_WARN__DUPLICATE_METHOD_MATCH = YES;
				CODE_SIGN_IDENTITY = "iPhone Developer";
				COPY_PHASE_STRIP = NO;
				DEBUG_INFORMATION_FORMAT = dwarf;
				ENABLE_STRICT_OBJC_MSGSEND = YES;
				ENABLE_TESTABILITY = YES;
				GCC_C_LANGUAGE_STANDARD = gnu11;
				GCC_DYNAMIC_NO_PIC = NO;
				GCC_NO_COMMON_BLOCKS = YES;
				GCC_OPTIMIZATION_LEVEL = 0;
				GCC_PREPROCESSOR_DEFINITIONS = (
					"DEBUG=1",
					"$(inherited)",
				);
				GCC_WARN_64_TO_32_BIT_CONVERSION = YES;
				GCC_WARN_ABOUT_RETURN_TYPE = YES_ERROR;
				GCC_WARN_UNDECLARED_SELECTOR = YES;
				GCC_WARN_UNINITIALIZED_AUTOS = YES_AGGRESSIVE;
				GCC_WARN_UNUSED_FUNCTION = YES;
				GCC_WARN_UNUSED_VARIABLE = YES;
				IPHONEOS_DEPLOYMENT_TARGET = 12.2;
				MTL_ENABLE_DEBUG_INFO = INCLUDE_SOURCE;
				MTL_FAST_MATH = YES;
				ONLY_ACTIVE_ARCH = YES;
				SDKROOT = iphoneos;
				SWIFT_ACTIVE_COMPILATION_CONDITIONS = DEBUG;
				SWIFT_OPTIMIZATION_LEVEL = "-Onone";
			};
			name = Debug;
		};
		BAFD836D22B116740080DBA0 /* Release */ = {
			isa = XCBuildConfiguration;
			buildSettings = {
				ALWAYS_SEARCH_USER_PATHS = NO;
				CLANG_ANALYZER_NONNULL = YES;
				CLANG_ANALYZER_NUMBER_OBJECT_CONVERSION = YES_AGGRESSIVE;
				CLANG_CXX_LANGUAGE_STANDARD = "gnu++14";
				CLANG_CXX_LIBRARY = "libc++";
				CLANG_ENABLE_MODULES = YES;
				CLANG_ENABLE_OBJC_ARC = YES;
				CLANG_ENABLE_OBJC_WEAK = YES;
				CLANG_WARN_BLOCK_CAPTURE_AUTORELEASING = YES;
				CLANG_WARN_BOOL_CONVERSION = YES;
				CLANG_WARN_COMMA = YES;
				CLANG_WARN_CONSTANT_CONVERSION = YES;
				CLANG_WARN_DEPRECATED_OBJC_IMPLEMENTATIONS = YES;
				CLANG_WARN_DIRECT_OBJC_ISA_USAGE = YES_ERROR;
				CLANG_WARN_DOCUMENTATION_COMMENTS = YES;
				CLANG_WARN_EMPTY_BODY = YES;
				CLANG_WARN_ENUM_CONVERSION = YES;
				CLANG_WARN_INFINITE_RECURSION = YES;
				CLANG_WARN_INT_CONVERSION = YES;
				CLANG_WARN_NON_LITERAL_NULL_CONVERSION = YES;
				CLANG_WARN_OBJC_IMPLICIT_RETAIN_SELF = YES;
				CLANG_WARN_OBJC_LITERAL_CONVERSION = YES;
				CLANG_WARN_OBJC_ROOT_CLASS = YES_ERROR;
				CLANG_WARN_RANGE_LOOP_ANALYSIS = YES;
				CLANG_WARN_STRICT_PROTOTYPES = YES;
				CLANG_WARN_SUSPICIOUS_MOVE = YES;
				CLANG_WARN_UNGUARDED_AVAILABILITY = YES_AGGRESSIVE;
				CLANG_WARN_UNREACHABLE_CODE = YES;
				CLANG_WARN__DUPLICATE_METHOD_MATCH = YES;
				CODE_SIGN_IDENTITY = "iPhone Developer";
				COPY_PHASE_STRIP = NO;
				DEBUG_INFORMATION_FORMAT = "dwarf-with-dsym";
				ENABLE_NS_ASSERTIONS = NO;
				ENABLE_STRICT_OBJC_MSGSEND = YES;
				GCC_C_LANGUAGE_STANDARD = gnu11;
				GCC_NO_COMMON_BLOCKS = YES;
				GCC_WARN_64_TO_32_BIT_CONVERSION = YES;
				GCC_WARN_ABOUT_RETURN_TYPE = YES_ERROR;
				GCC_WARN_UNDECLARED_SELECTOR = YES;
				GCC_WARN_UNINITIALIZED_AUTOS = YES_AGGRESSIVE;
				GCC_WARN_UNUSED_FUNCTION = YES;
				GCC_WARN_UNUSED_VARIABLE = YES;
				IPHONEOS_DEPLOYMENT_TARGET = 12.2;
				MTL_ENABLE_DEBUG_INFO = NO;
				MTL_FAST_MATH = YES;
				SDKROOT = iphoneos;
				SWIFT_COMPILATION_MODE = wholemodule;
				SWIFT_OPTIMIZATION_LEVEL = "-O";
				VALIDATE_PRODUCT = YES;
			};
			name = Release;
		};
		BAFD836F22B116740080DBA0 /* Debug */ = {
			isa = XCBuildConfiguration;
			baseConfigurationReference = 14653E3969994F796BF19B8D /* Pods-FlickerApp.debug.xcconfig */;
			buildSettings = {
				ASSETCATALOG_COMPILER_APPICON_NAME = AppIcon;
				CODE_SIGN_STYLE = Automatic;
				INFOPLIST_FILE = FlickerApp/Info.plist;
				LD_RUNPATH_SEARCH_PATHS = (
					"$(inherited)",
					"@executable_path/Frameworks",
				);
				PRODUCT_BUNDLE_IDENTIFIER = com.tekna.FlickerApp;
				PRODUCT_NAME = "$(TARGET_NAME)";
				SWIFT_VERSION = 5.0;
				TARGETED_DEVICE_FAMILY = "1,2";
			};
			name = Debug;
		};
		BAFD837022B116740080DBA0 /* Release */ = {
			isa = XCBuildConfiguration;
			baseConfigurationReference = B4A8215A95025754FAAA6115 /* Pods-FlickerApp.release.xcconfig */;
			buildSettings = {
				ASSETCATALOG_COMPILER_APPICON_NAME = AppIcon;
				CODE_SIGN_STYLE = Automatic;
				INFOPLIST_FILE = FlickerApp/Info.plist;
				LD_RUNPATH_SEARCH_PATHS = (
					"$(inherited)",
					"@executable_path/Frameworks",
				);
				PRODUCT_BUNDLE_IDENTIFIER = com.tekna.FlickerApp;
				PRODUCT_NAME = "$(TARGET_NAME)";
				SWIFT_VERSION = 5.0;
				TARGETED_DEVICE_FAMILY = "1,2";
			};
			name = Release;
		};
/* End XCBuildConfiguration section */

/* Begin XCConfigurationList section */
		BAFD835722B116730080DBA0 /* Build configuration list for PBXProject "FlickerApp" */ = {
			isa = XCConfigurationList;
			buildConfigurations = (
				BAFD836C22B116740080DBA0 /* Debug */,
				BAFD836D22B116740080DBA0 /* Release */,
			);
			defaultConfigurationIsVisible = 0;
			defaultConfigurationName = Release;
		};
		BAFD836E22B116740080DBA0 /* Build configuration list for PBXNativeTarget "FlickerApp" */ = {
			isa = XCConfigurationList;
			buildConfigurations = (
				BAFD836F22B116740080DBA0 /* Debug */,
				BAFD837022B116740080DBA0 /* Release */,
			);
			defaultConfigurationIsVisible = 0;
			defaultConfigurationName = Release;
		};
/* End XCConfigurationList section */
	};
	rootObject = BAFD835422B116730080DBA0 /* Project object */;
}
